
Microsoft Visual Studio Solution File, Format Version 12.00
# Visual Studio 15
VisualStudioVersion = 15.0.28307.329
MinimumVisualStudioVersion = 10.0.40219.1
Project("{FAE04EC0-301F-11D3-BF4B-00C04F79EFBC}") = "AgendaCNIeldorado", "AgendaCNIeldorado\AgendaCNIeldorado.csproj", "{47664420-A4B4-4928-803E-8D5370897B79}"
EndProject
Global
	GlobalSection(SolutionConfigurationPlatforms) = preSolution
		Debug|Any CPU = Debug|Any CPU
		Debug|x86 = Debug|x86
		Release|Any CPU = Release|Any CPU
		Release|x86 = Release|x86
	EndGlobalSection
	GlobalSection(ProjectConfigurationPlatforms) = postSolution
		{47664420-A4B4-4928-803E-8D5370897B79}.Debug|Any CPU.ActiveCfg = Debug|Any CPU
		{47664420-A4B4-4928-803E-8D5370897B79}.Debug|Any CPU.Build.0 = Debug|Any CPU
		{47664420-A4B4-4928-803E-8D5370897B79}.Debug|x86.ActiveCfg = Debug|x86
		{47664420-A4B4-4928-803E-8D5370897B79}.Debug|x86.Build.0 = Debug|x86
		{47664420-A4B4-4928-803E-8D5370897B79}.Release|Any CPU.ActiveCfg = Release|Any CPU
		{47664420-A4B4-4928-803E-8D5370897B79}.Release|Any CPU.Build.0 = Release|Any CPU
		{47664420-A4B4-4928-803E-8D5370897B79}.Release|x86.ActiveCfg = Release|x86
		{47664420-A4B4-4928-803E-8D5370897B79}.Release|x86.Build.0 = Release|x86
	EndGlobalSection
	GlobalSection(SolutionProperties) = preSolution
		HideSolutionNode = FALSE
	EndGlobalSection
	GlobalSection(ExtensibilityGlobals) = postSolution
		SolutionGuid = {175A9DF7-EE0C-4713-8F72-4B4F5C743942}
	EndGlobalSection
EndGlobal
